
Microsoft Visual Studio Solution File, Format Version 12.00
# Visual Studio 15
VisualStudioVersion = 15.0.27004.2006
MinimumVisualStudioVersion = 10.0.40219.1
Project("{9A19103F-16F7-4668-BE54-9A1E7A4F7556}") = "Client", "Client\Client.csproj", "{330268E9-0201-4641-BB36-DD4095150A9D}"
EndProject
Project("{FAE04EC0-301F-11D3-BF4B-00C04F79EFBC}") = "Server", "Server\Server.csproj", "{C978F2F6-CD1A-4F90-924E-4933B28BDD01}"
EndProject
Project("{FAE04EC0-301F-11D3-BF4B-00C04F79EFBC}") = "Proto", "Proto\Proto.csproj", "{F5F438BC-D783-4336-80C2-EB65667D7D94}"
EndProject
Global
	GlobalSection(SolutionConfigurationPlatforms) = preSolution
		Debug|Any CPU = Debug|Any CPU
		Release|Any CPU = Release|Any CPU
	EndGlobalSection
	GlobalSection(ProjectConfigurationPlatforms) = postSolution
		{330268E9-0201-4641-BB36-DD4095150A9D}.Debug|Any CPU.ActiveCfg = Debug|Any CPU
		{330268E9-0201-4641-BB36-DD4095150A9D}.Debug|Any CPU.Build.0 = Debug|Any CPU
		{330268E9-0201-4641-BB36-DD4095150A9D}.Release|Any CPU.ActiveCfg = Release|Any CPU
		{330268E9-0201-4641-BB36-DD4095150A9D}.Release|Any CPU.Build.0 = Release|Any CPU
		{C978F2F6-CD1A-4F90-924E-4933B28BDD01}.Debug|Any CPU.ActiveCfg = Debug|Any CPU
		{C978F2F6-CD1A-4F90-924E-4933B28BDD01}.Debug|Any CPU.Build.0 = Debug|Any CPU
		{C978F2F6-CD1A-4F90-924E-4933B28BDD01}.Release|Any CPU.ActiveCfg = Release|Any CPU
		{C978F2F6-CD1A-4F90-924E-4933B28BDD01}.Release|Any CPU.Build.0 = Release|Any CPU
		{F5F438BC-D783-4336-80C2-EB65667D7D94}.Debug|Any CPU.ActiveCfg = Debug|Any CPU
		{F5F438BC-D783-4336-80C2-EB65667D7D94}.Debug|Any CPU.Build.0 = Debug|Any CPU
		{F5F438BC-D783-4336-80C2-EB65667D7D94}.Release|Any CPU.ActiveCfg = Release|Any CPU
		{F5F438BC-D783-4336-80C2-EB65667D7D94}.Release|Any CPU.Build.0 = Release|Any CPU
	EndGlobalSection
	GlobalSection(SolutionProperties) = preSolution
		HideSolutionNode = FALSE
	EndGlobalSection
	GlobalSection(ExtensibilityGlobals) = postSolution
		SolutionGuid = {FB6748D8-EAA3-46A9-8561-2CBA85BF4B35}
	EndGlobalSection
EndGlobal
